
Microsoft Visual Studio Solution File, Format Version 12.00
# Visual Studio 15
VisualStudioVersion = 15.0.28010.2036
MinimumVisualStudioVersion = 10.0.40219.1
Project("{9A19103F-16F7-4668-BE54-9A1E7A4F7556}") = "TESPA HS Meta", "TESPA HS Meta\TESPA HS Meta.csproj", "{D55B22FD-04D7-476E-8C3F-BA26972809D3}"
EndProject
Global
	GlobalSection(SolutionConfigurationPlatforms) = preSolution
		Debug|Any CPU = Debug|Any CPU
		Debug|x86 = Debug|x86
		Release|Any CPU = Release|Any CPU
		Release|x86 = Release|x86
	EndGlobalSection
	GlobalSection(ProjectConfigurationPlatforms) = postSolution
		{D55B22FD-04D7-476E-8C3F-BA26972809D3}.Debug|Any CPU.ActiveCfg = Debug|Any CPU
		{D55B22FD-04D7-476E-8C3F-BA26972809D3}.Debug|Any CPU.Build.0 = Debug|Any CPU
		{D55B22FD-04D7-476E-8C3F-BA26972809D3}.Debug|x86.ActiveCfg = Debug|Any CPU
		{D55B22FD-04D7-476E-8C3F-BA26972809D3}.Debug|x86.Build.0 = Debug|Any CPU
		{D55B22FD-04D7-476E-8C3F-BA26972809D3}.Release|Any CPU.ActiveCfg = Release|Any CPU
		{D55B22FD-04D7-476E-8C3F-BA26972809D3}.Release|Any CPU.Build.0 = Release|Any CPU
		{D55B22FD-04D7-476E-8C3F-BA26972809D3}.Release|x86.ActiveCfg = Release|Any CPU
		{D55B22FD-04D7-476E-8C3F-BA26972809D3}.Release|x86.Build.0 = Release|Any CPU
	EndGlobalSection
	GlobalSection(SolutionProperties) = preSolution
		HideSolutionNode = FALSE
	EndGlobalSection
	GlobalSection(ExtensibilityGlobals) = postSolution
		SolutionGuid = {55FBEAE7-C790-4527-974F-2B88E3617B54}
	EndGlobalSection
EndGlobal
